
Microsoft Visual Studio Solution File, Format Version 12.00
# Visual Studio Version 16
VisualStudioVersion = 16.0.30803.129
MinimumVisualStudioVersion = 10.0.40219.1
Project("{2150E333-8FDC-42A3-9474-1A3956D46DE8}") = "src", "src", "{56C40D18-CB96-4064-A443-4655F343EB48}"
EndProject
Project("{2150E333-8FDC-42A3-9474-1A3956D46DE8}") = "test", "test", "{0513FC78-8032-4216-964A-E867F37C9F7B}"
	ProjectSection(SolutionItems) = preProject
		test\Directory.Build.props = test\Directory.Build.props
	EndProjectSection
EndProject
Project("{9A19103F-16F7-4668-BE54-9A1E7A4F7556}") = "Cnblogs.Fluss.Web", "src\Cnblogs.Fluss.Web\Cnblogs.Fluss.Web.csproj", "{603F4145-63BC-48A9-AF47-0B06909E52B0}"
EndProject
Project("{2150E333-8FDC-42A3-9474-1A3956D46DE8}") = "Solution Items", "Solution Items", "{5E8FFA1E-22D5-4103-8998-0F14BC03ED4F}"
	ProjectSection(SolutionItems) = preProject
		.dockerignore = .dockerignore
		.gitignore = .gitignore
		Directory.Build.props = Directory.Build.props
		docker-compose.yml = docker-compose.yml
		README.md = README.md
	EndProjectSection
EndProject
Project("{9A19103F-16F7-4668-BE54-9A1E7A4F7556}") = "Cnblogs.Fluss.Domain", "src\Cnblogs.Fluss.Domain\Cnblogs.Fluss.Domain.csproj", "{403EFDD4-3933-488E-AB93-4229871C65B7}"
EndProject
Project("{9A19103F-16F7-4668-BE54-9A1E7A4F7556}") = "Cnblogs.Fluss.Infrastructure", "src\Cnblogs.Fluss.Infrastructure\Cnblogs.Fluss.Infrastructure.csproj", "{96A0042A-0EB1-4A36-A2E0-E077DACC637E}"
EndProject
Project("{9A19103F-16F7-4668-BE54-9A1E7A4F7556}") = "Cnblogs.Fluss.UnitTests", "test\Cnblogs.Fluss.UnitTests\Cnblogs.Fluss.UnitTests.csproj", "{E9BD2451-7489-4F6C-B829-9E4D6B9B5E71}"
EndProject
Project("{9A19103F-16F7-4668-BE54-9A1E7A4F7556}") = "Cnblogs.Fluss.FunctionalTests", "test\Cnblogs.Fluss.FunctionalTests\Cnblogs.Fluss.FunctionalTests.csproj", "{B753D40B-6E47-4F9E-B512-4678A214DB53}"
EndProject
Project("{E53339B2-1760-4266-BCC7-CA923CBCF16C}") = "docker-compose", "docker-compose.dcproj", "{391E4646-EA35-42D8-94D1-527ECC0857BF}"
EndProject
Project("{2150E333-8FDC-42A3-9474-1A3956D46DE8}") = "Render", "Render", "{856B67F6-8016-4486-8442-00815EACC35E}"
EndProject
Project("{2150E333-8FDC-42A3-9474-1A3956D46DE8}") = "src", "src", "{03ECDEDB-D8BC-4EB3-A246-FC2CAE871F58}"
EndProject
Project("{FAE04EC0-301F-11D3-BF4B-00C04F79EFBC}") = "Cnblogs.Fluss.Render", "src\Render\src\Cnblogs.Fluss.Render\Cnblogs.Fluss.Render.csproj", "{76E3FFE5-D82F-4983-ACA4-F831C46E0331}"
EndProject
Global
	GlobalSection(SolutionConfigurationPlatforms) = preSolution
		Debug|Any CPU = Debug|Any CPU
		Release|Any CPU = Release|Any CPU
	EndGlobalSection
	GlobalSection(ProjectConfigurationPlatforms) = postSolution
		{603F4145-63BC-48A9-AF47-0B06909E52B0}.Debug|Any CPU.ActiveCfg = Debug|Any CPU
		{603F4145-63BC-48A9-AF47-0B06909E52B0}.Debug|Any CPU.Build.0 = Debug|Any CPU
		{603F4145-63BC-48A9-AF47-0B06909E52B0}.Release|Any CPU.ActiveCfg = Release|Any CPU
		{603F4145-63BC-48A9-AF47-0B06909E52B0}.Release|Any CPU.Build.0 = Release|Any CPU
		{403EFDD4-3933-488E-AB93-4229871C65B7}.Debug|Any CPU.ActiveCfg = Debug|Any CPU
		{403EFDD4-3933-488E-AB93-4229871C65B7}.Debug|Any CPU.Build.0 = Debug|Any CPU
		{403EFDD4-3933-488E-AB93-4229871C65B7}.Release|Any CPU.ActiveCfg = Release|Any CPU
		{403EFDD4-3933-488E-AB93-4229871C65B7}.Release|Any CPU.Build.0 = Release|Any CPU
		{96A0042A-0EB1-4A36-A2E0-E077DACC637E}.Debug|Any CPU.ActiveCfg = Debug|Any CPU
		{96A0042A-0EB1-4A36-A2E0-E077DACC637E}.Debug|Any CPU.Build.0 = Debug|Any CPU
		{96A0042A-0EB1-4A36-A2E0-E077DACC637E}.Release|Any CPU.ActiveCfg = Release|Any CPU
		{96A0042A-0EB1-4A36-A2E0-E077DACC637E}.Release|Any CPU.Build.0 = Release|Any CPU
		{E9BD2451-7489-4F6C-B829-9E4D6B9B5E71}.Debug|Any CPU.ActiveCfg = Debug|Any CPU
		{E9BD2451-7489-4F6C-B829-9E4D6B9B5E71}.Debug|Any CPU.Build.0 = Debug|Any CPU
		{E9BD2451-7489-4F6C-B829-9E4D6B9B5E71}.Release|Any CPU.ActiveCfg = Release|Any CPU
		{E9BD2451-7489-4F6C-B829-9E4D6B9B5E71}.Release|Any CPU.Build.0 = Release|Any CPU
		{B753D40B-6E47-4F9E-B512-4678A214DB53}.Debug|Any CPU.ActiveCfg = Debug|Any CPU
		{B753D40B-6E47-4F9E-B512-4678A214DB53}.Debug|Any CPU.Build.0 = Debug|Any CPU
		{B753D40B-6E47-4F9E-B512-4678A214DB53}.Release|Any CPU.ActiveCfg = Release|Any CPU
		{B753D40B-6E47-4F9E-B512-4678A214DB53}.Release|Any CPU.Build.0 = Release|Any CPU
		{391E4646-EA35-42D8-94D1-527ECC0857BF}.Debug|Any CPU.ActiveCfg = Debug|Any CPU
		{391E4646-EA35-42D8-94D1-527ECC0857BF}.Debug|Any CPU.Build.0 = Debug|Any CPU
		{391E4646-EA35-42D8-94D1-527ECC0857BF}.Release|Any CPU.ActiveCfg = Release|Any CPU
		{391E4646-EA35-42D8-94D1-527ECC0857BF}.Release|Any CPU.Build.0 = Release|Any CPU
		{76E3FFE5-D82F-4983-ACA4-F831C46E0331}.Debug|Any CPU.ActiveCfg = Debug|Any CPU
		{76E3FFE5-D82F-4983-ACA4-F831C46E0331}.Debug|Any CPU.Build.0 = Debug|Any CPU
		{76E3FFE5-D82F-4983-ACA4-F831C46E0331}.Release|Any CPU.ActiveCfg = Release|Any CPU
		{76E3FFE5-D82F-4983-ACA4-F831C46E0331}.Release|Any CPU.Build.0 = Release|Any CPU
	EndGlobalSection
	GlobalSection(SolutionProperties) = preSolution
		HideSolutionNode = FALSE
	EndGlobalSection
	GlobalSection(NestedProjects) = preSolution
		{603F4145-63BC-48A9-AF47-0B06909E52B0} = {56C40D18-CB96-4064-A443-4655F343EB48}
		{403EFDD4-3933-488E-AB93-4229871C65B7} = {56C40D18-CB96-4064-A443-4655F343EB48}
		{96A0042A-0EB1-4A36-A2E0-E077DACC637E} = {56C40D18-CB96-4064-A443-4655F343EB48}
		{E9BD2451-7489-4F6C-B829-9E4D6B9B5E71} = {0513FC78-8032-4216-964A-E867F37C9F7B}
		{B753D40B-6E47-4F9E-B512-4678A214DB53} = {0513FC78-8032-4216-964A-E867F37C9F7B}
		{856B67F6-8016-4486-8442-00815EACC35E} = {56C40D18-CB96-4064-A443-4655F343EB48}
		{03ECDEDB-D8BC-4EB3-A246-FC2CAE871F58} = {856B67F6-8016-4486-8442-00815EACC35E}
		{76E3FFE5-D82F-4983-ACA4-F831C46E0331} = {03ECDEDB-D8BC-4EB3-A246-FC2CAE871F58}
	EndGlobalSection
	GlobalSection(ExtensibilityGlobals) = postSolution
		SolutionGuid = {CBB0D6D1-8A88-4AB6-B253-159E9618A405}
	EndGlobalSection
EndGlobal
